
Microsoft Visual Studio Solution File, Format Version 12.00
# Visual Studio Version 16
VisualStudioVersion = 16.0.29709.97
MinimumVisualStudioVersion = 10.0.40219.1
Project("{9A19103F-16F7-4668-BE54-9A1E7A4F7556}") = "AbakTools.Core.Service", "AbakTools.Core.Service\AbakTools.Core.Service.csproj", "{5FB5DA13-2830-4724-8164-B42930A255BC}"
EndProject
Project("{9A19103F-16F7-4668-BE54-9A1E7A4F7556}") = "AbakTools.Core.Domain", "AbakTools.Core.Domain\AbakTools.Core.Domain.csproj", "{B23F7307-02CF-4A5B-A472-4C909C4A749F}"
EndProject
Project("{9A19103F-16F7-4668-BE54-9A1E7A4F7556}") = "AbakTools.Core.Dto", "AbakTools.Core.Dto\AbakTools.Core.Dto.csproj", "{6FC5273A-332A-4A95-B70F-EDE5736585F4}"
EndProject
Project("{9A19103F-16F7-4668-BE54-9A1E7A4F7556}") = "AbakTools.Core.Framework", "AbakTools.Core.Framework\AbakTools.Core.Framework.csproj", "{4BB40298-E5C2-4908-861B-0D12256BEB9F}"
EndProject
Project("{9A19103F-16F7-4668-BE54-9A1E7A4F7556}") = "AbakTools.Core.Infrastructure", "AbakTools.Core.Infrastructure\AbakTools.Core.Infrastructure.csproj", "{7009F965-C3FA-499C-AC46-832A31104BE5}"
EndProject
Project("{9A19103F-16F7-4668-BE54-9A1E7A4F7556}") = "AbakTools.Core.DataAccess", "AbakTools.Core.DataAccess\AbakTools.Core.DataAccess.csproj", "{C292819C-351E-4BF5-8905-16B8A18FAB9A}"
EndProject
Project("{9A19103F-16F7-4668-BE54-9A1E7A4F7556}") = "AbakTools.Core.Api", "AbakTools.Core.Api\AbakTools.Core.Api.csproj", "{85361A5E-24D0-41DD-B2EA-8F9B4865AD00}"
EndProject
Project("{2150E333-8FDC-42A3-9474-1A3956D46DE8}") = "Libs", "Libs", "{AB4A9800-23C4-412F-950E-4DE131F8A03D}"
EndProject
Project("{9A19103F-16F7-4668-BE54-9A1E7A4F7556}") = "AbakTools.Web", "AbakTools.Web\AbakTools.Web.csproj", "{875B00F2-B175-41EF-A941-2ACCE7A4B01B}"
EndProject
Project("{9A19103F-16F7-4668-BE54-9A1E7A4F7556}") = "AbakTools.Web.Blazor", "AbakTools.Web.Blazor\AbakTools.Web.Blazor.csproj", "{2E4C001A-E873-4C13-9EF0-EF8D725AE007}"
EndProject
Project("{2150E333-8FDC-42A3-9474-1A3956D46DE8}") = "Solution Items", "Solution Items", "{C3A188E4-0878-4972-B88E-6CBDEB9097D3}"
EndProject
Project("{9A19103F-16F7-4668-BE54-9A1E7A4F7556}") = "EnovaApi", "..\EnovaApiService\EnovaApi\EnovaApi.csproj", "{A565BD7E-281D-4875-B2F0-68B61A150D64}"
EndProject
Project("{9A19103F-16F7-4668-BE54-9A1E7A4F7556}") = "PrestaSharp", "PrestaSharp\PrestaSharp.csproj", "{D045DE54-F85F-4B9E-B2C5-33B14BA55E73}"
EndProject
Global
	GlobalSection(SolutionConfigurationPlatforms) = preSolution
		Debug|Any CPU = Debug|Any CPU
		Debug|x64 = Debug|x64
		Production|Any CPU = Production|Any CPU
		Production|x64 = Production|x64
		Release|Any CPU = Release|Any CPU
		Release|x64 = Release|x64
	EndGlobalSection
	GlobalSection(ProjectConfigurationPlatforms) = postSolution
		{5FB5DA13-2830-4724-8164-B42930A255BC}.Debug|Any CPU.ActiveCfg = Debug|Any CPU
		{5FB5DA13-2830-4724-8164-B42930A255BC}.Debug|Any CPU.Build.0 = Debug|Any CPU
		{5FB5DA13-2830-4724-8164-B42930A255BC}.Debug|x64.ActiveCfg = Debug|x64
		{5FB5DA13-2830-4724-8164-B42930A255BC}.Debug|x64.Build.0 = Debug|x64
		{5FB5DA13-2830-4724-8164-B42930A255BC}.Production|Any CPU.ActiveCfg = Production|Any CPU
		{5FB5DA13-2830-4724-8164-B42930A255BC}.Production|Any CPU.Build.0 = Production|Any CPU
		{5FB5DA13-2830-4724-8164-B42930A255BC}.Production|x64.ActiveCfg = Production|x64
		{5FB5DA13-2830-4724-8164-B42930A255BC}.Production|x64.Build.0 = Production|x64
		{5FB5DA13-2830-4724-8164-B42930A255BC}.Release|Any CPU.ActiveCfg = Release|Any CPU
		{5FB5DA13-2830-4724-8164-B42930A255BC}.Release|Any CPU.Build.0 = Release|Any CPU
		{5FB5DA13-2830-4724-8164-B42930A255BC}.Release|x64.ActiveCfg = Release|x64
		{5FB5DA13-2830-4724-8164-B42930A255BC}.Release|x64.Build.0 = Release|x64
		{B23F7307-02CF-4A5B-A472-4C909C4A749F}.Debug|Any CPU.ActiveCfg = Debug|Any CPU
		{B23F7307-02CF-4A5B-A472-4C909C4A749F}.Debug|Any CPU.Build.0 = Debug|Any CPU
		{B23F7307-02CF-4A5B-A472-4C909C4A749F}.Debug|x64.ActiveCfg = Debug|x64
		{B23F7307-02CF-4A5B-A472-4C909C4A749F}.Debug|x64.Build.0 = Debug|x64
		{B23F7307-02CF-4A5B-A472-4C909C4A749F}.Production|Any CPU.ActiveCfg = Production|Any CPU
		{B23F7307-02CF-4A5B-A472-4C909C4A749F}.Production|Any CPU.Build.0 = Production|Any CPU
		{B23F7307-02CF-4A5B-A472-4C909C4A749F}.Production|x64.ActiveCfg = Production|x64
		{B23F7307-02CF-4A5B-A472-4C909C4A749F}.Production|x64.Build.0 = Production|x64
		{B23F7307-02CF-4A5B-A472-4C909C4A749F}.Release|Any CPU.ActiveCfg = Release|Any CPU
		{B23F7307-02CF-4A5B-A472-4C909C4A749F}.Release|Any CPU.Build.0 = Release|Any CPU
		{B23F7307-02CF-4A5B-A472-4C909C4A749F}.Release|x64.ActiveCfg = Release|x64
		{B23F7307-02CF-4A5B-A472-4C909C4A749F}.Release|x64.Build.0 = Release|x64
		{6FC5273A-332A-4A95-B70F-EDE5736585F4}.Debug|Any CPU.ActiveCfg = Debug|Any CPU
		{6FC5273A-332A-4A95-B70F-EDE5736585F4}.Debug|Any CPU.Build.0 = Debug|Any CPU
		{6FC5273A-332A-4A95-B70F-EDE5736585F4}.Debug|x64.ActiveCfg = Debug|x64
		{6FC5273A-332A-4A95-B70F-EDE5736585F4}.Debug|x64.Build.0 = Debug|x64
		{6FC5273A-332A-4A95-B70F-EDE5736585F4}.Production|Any CPU.ActiveCfg = Production|Any CPU
		{6FC5273A-332A-4A95-B70F-EDE5736585F4}.Production|Any CPU.Build.0 = Production|Any CPU
		{6FC5273A-332A-4A95-B70F-EDE5736585F4}.Production|x64.ActiveCfg = Production|x64
		{6FC5273A-332A-4A95-B70F-EDE5736585F4}.Production|x64.Build.0 = Production|x64
		{6FC5273A-332A-4A95-B70F-EDE5736585F4}.Release|Any CPU.ActiveCfg = Release|Any CPU
		{6FC5273A-332A-4A95-B70F-EDE5736585F4}.Release|Any CPU.Build.0 = Release|Any CPU
		{6FC5273A-332A-4A95-B70F-EDE5736585F4}.Release|x64.ActiveCfg = Release|x64
		{6FC5273A-332A-4A95-B70F-EDE5736585F4}.Release|x64.Build.0 = Release|x64
		{4BB40298-E5C2-4908-861B-0D12256BEB9F}.Debug|Any CPU.ActiveCfg = Debug|Any CPU
		{4BB40298-E5C2-4908-861B-0D12256BEB9F}.Debug|Any CPU.Build.0 = Debug|Any CPU
		{4BB40298-E5C2-4908-861B-0D12256BEB9F}.Debug|x64.ActiveCfg = Debug|x64
		{4BB40298-E5C2-4908-861B-0D12256BEB9F}.Debug|x64.Build.0 = Debug|x64
		{4BB40298-E5C2-4908-861B-0D12256BEB9F}.Production|Any CPU.ActiveCfg = Production|Any CPU
		{4BB40298-E5C2-4908-861B-0D12256BEB9F}.Production|Any CPU.Build.0 = Production|Any CPU
		{4BB40298-E5C2-4908-861B-0D12256BEB9F}.Production|x64.ActiveCfg = Production|x64
		{4BB40298-E5C2-4908-861B-0D12256BEB9F}.Production|x64.Build.0 = Production|x64
		{4BB40298-E5C2-4908-861B-0D12256BEB9F}.Release|Any CPU.ActiveCfg = Release|Any CPU
		{4BB40298-E5C2-4908-861B-0D12256BEB9F}.Release|Any CPU.Build.0 = Release|Any CPU
		{4BB40298-E5C2-4908-861B-0D12256BEB9F}.Release|x64.ActiveCfg = Release|x64
		{4BB40298-E5C2-4908-861B-0D12256BEB9F}.Release|x64.Build.0 = Release|x64
		{7009F965-C3FA-499C-AC46-832A31104BE5}.Debug|Any CPU.ActiveCfg = Debug|Any CPU
		{7009F965-C3FA-499C-AC46-832A31104BE5}.Debug|Any CPU.Build.0 = Debug|Any CPU
		{7009F965-C3FA-499C-AC46-832A31104BE5}.Debug|x64.ActiveCfg = Debug|x64
		{7009F965-C3FA-499C-AC46-832A31104BE5}.Debug|x64.Build.0 = Debug|x64
		{7009F965-C3FA-499C-AC46-832A31104BE5}.Production|Any CPU.ActiveCfg = Production|Any CPU
		{7009F965-C3FA-499C-AC46-832A31104BE5}.Production|Any CPU.Build.0 = Production|Any CPU
		{7009F965-C3FA-499C-AC46-832A31104BE5}.Production|x64.ActiveCfg = Production|x64
		{7009F965-C3FA-499C-AC46-832A31104BE5}.Production|x64.Build.0 = Production|x64
		{7009F965-C3FA-499C-AC46-832A31104BE5}.Release|Any CPU.ActiveCfg = Release|Any CPU
		{7009F965-C3FA-499C-AC46-832A31104BE5}.Release|Any CPU.Build.0 = Release|Any CPU
		{7009F965-C3FA-499C-AC46-832A31104BE5}.Release|x64.ActiveCfg = Release|x64
		{7009F965-C3FA-499C-AC46-832A31104BE5}.Release|x64.Build.0 = Release|x64
		{C292819C-351E-4BF5-8905-16B8A18FAB9A}.Debug|Any CPU.ActiveCfg = Debug|Any CPU
		{C292819C-351E-4BF5-8905-16B8A18FAB9A}.Debug|Any CPU.Build.0 = Debug|Any CPU
		{C292819C-351E-4BF5-8905-16B8A18FAB9A}.Debug|x64.ActiveCfg = Debug|x64
		{C292819C-351E-4BF5-8905-16B8A18FAB9A}.Debug|x64.Build.0 = Debug|x64
		{C292819C-351E-4BF5-8905-16B8A18FAB9A}.Production|Any CPU.ActiveCfg = Production|Any CPU
		{C292819C-351E-4BF5-8905-16B8A18FAB9A}.Production|Any CPU.Build.0 = Production|Any CPU
		{C292819C-351E-4BF5-8905-16B8A18FAB9A}.Production|x64.ActiveCfg = Production|x64
		{C292819C-351E-4BF5-8905-16B8A18FAB9A}.Production|x64.Build.0 = Production|x64
		{C292819C-351E-4BF5-8905-16B8A18FAB9A}.Release|Any CPU.ActiveCfg = Release|Any CPU
		{C292819C-351E-4BF5-8905-16B8A18FAB9A}.Release|Any CPU.Build.0 = Release|Any CPU
		{C292819C-351E-4BF5-8905-16B8A18FAB9A}.Release|x64.ActiveCfg = Release|x64
		{C292819C-351E-4BF5-8905-16B8A18FAB9A}.Release|x64.Build.0 = Release|x64
		{85361A5E-24D0-41DD-B2EA-8F9B4865AD00}.Debug|Any CPU.ActiveCfg = Debug|Any CPU
		{85361A5E-24D0-41DD-B2EA-8F9B4865AD00}.Debug|Any CPU.Build.0 = Debug|Any CPU
		{85361A5E-24D0-41DD-B2EA-8F9B4865AD00}.Debug|x64.ActiveCfg = Debug|x64
		{85361A5E-24D0-41DD-B2EA-8F9B4865AD00}.Debug|x64.Build.0 = Debug|x64
		{85361A5E-24D0-41DD-B2EA-8F9B4865AD00}.Production|Any CPU.ActiveCfg = Production|Any CPU
		{85361A5E-24D0-41DD-B2EA-8F9B4865AD00}.Production|Any CPU.Build.0 = Production|Any CPU
		{85361A5E-24D0-41DD-B2EA-8F9B4865AD00}.Production|x64.ActiveCfg = Production|x64
		{85361A5E-24D0-41DD-B2EA-8F9B4865AD00}.Production|x64.Build.0 = Production|x64
		{85361A5E-24D0-41DD-B2EA-8F9B4865AD00}.Release|Any CPU.ActiveCfg = Release|Any CPU
		{85361A5E-24D0-41DD-B2EA-8F9B4865AD00}.Release|Any CPU.Build.0 = Release|Any CPU
		{85361A5E-24D0-41DD-B2EA-8F9B4865AD00}.Release|x64.ActiveCfg = Release|x64
		{85361A5E-24D0-41DD-B2EA-8F9B4865AD00}.Release|x64.Build.0 = Release|x64
		{875B00F2-B175-41EF-A941-2ACCE7A4B01B}.Debug|Any CPU.ActiveCfg = Debug|Any CPU
		{875B00F2-B175-41EF-A941-2ACCE7A4B01B}.Debug|Any CPU.Build.0 = Debug|Any CPU
		{875B00F2-B175-41EF-A941-2ACCE7A4B01B}.Debug|x64.ActiveCfg = Debug|Any CPU
		{875B00F2-B175-41EF-A941-2ACCE7A4B01B}.Debug|x64.Build.0 = Debug|Any CPU
		{875B00F2-B175-41EF-A941-2ACCE7A4B01B}.Production|Any CPU.ActiveCfg = Production|Any CPU
		{875B00F2-B175-41EF-A941-2ACCE7A4B01B}.Production|Any CPU.Build.0 = Production|Any CPU
		{875B00F2-B175-41EF-A941-2ACCE7A4B01B}.Production|x64.ActiveCfg = Production|Any CPU
		{875B00F2-B175-41EF-A941-2ACCE7A4B01B}.Production|x64.Build.0 = Production|Any CPU
		{875B00F2-B175-41EF-A941-2ACCE7A4B01B}.Release|Any CPU.ActiveCfg = Release|Any CPU
		{875B00F2-B175-41EF-A941-2ACCE7A4B01B}.Release|Any CPU.Build.0 = Release|Any CPU
		{875B00F2-B175-41EF-A941-2ACCE7A4B01B}.Release|x64.ActiveCfg = Release|Any CPU
		{875B00F2-B175-41EF-A941-2ACCE7A4B01B}.Release|x64.Build.0 = Release|Any CPU
		{2E4C001A-E873-4C13-9EF0-EF8D725AE007}.Debug|Any CPU.ActiveCfg = Debug|Any CPU
		{2E4C001A-E873-4C13-9EF0-EF8D725AE007}.Debug|Any CPU.Build.0 = Debug|Any CPU
		{2E4C001A-E873-4C13-9EF0-EF8D725AE007}.Debug|x64.ActiveCfg = Debug|Any CPU
		{2E4C001A-E873-4C13-9EF0-EF8D725AE007}.Debug|x64.Build.0 = Debug|Any CPU
		{2E4C001A-E873-4C13-9EF0-EF8D725AE007}.Production|Any CPU.ActiveCfg = Production|Any CPU
		{2E4C001A-E873-4C13-9EF0-EF8D725AE007}.Production|Any CPU.Build.0 = Production|Any CPU
		{2E4C001A-E873-4C13-9EF0-EF8D725AE007}.Production|x64.ActiveCfg = Production|Any CPU
		{2E4C001A-E873-4C13-9EF0-EF8D725AE007}.Production|x64.Build.0 = Production|Any CPU
		{2E4C001A-E873-4C13-9EF0-EF8D725AE007}.Release|Any CPU.ActiveCfg = Release|Any CPU
		{2E4C001A-E873-4C13-9EF0-EF8D725AE007}.Release|Any CPU.Build.0 = Release|Any CPU
		{2E4C001A-E873-4C13-9EF0-EF8D725AE007}.Release|x64.ActiveCfg = Release|Any CPU
		{2E4C001A-E873-4C13-9EF0-EF8D725AE007}.Release|x64.Build.0 = Release|Any CPU
		{A565BD7E-281D-4875-B2F0-68B61A150D64}.Debug|Any CPU.ActiveCfg = Debug|Any CPU
		{A565BD7E-281D-4875-B2F0-68B61A150D64}.Debug|Any CPU.Build.0 = Debug|Any CPU
		{A565BD7E-281D-4875-B2F0-68B61A150D64}.Debug|x64.ActiveCfg = Debug|x64
		{A565BD7E-281D-4875-B2F0-68B61A150D64}.Debug|x64.Build.0 = Debug|x64
		{A565BD7E-281D-4875-B2F0-68B61A150D64}.Production|Any CPU.ActiveCfg = Production|Any CPU
		{A565BD7E-281D-4875-B2F0-68B61A150D64}.Production|Any CPU.Build.0 = Production|Any CPU
		{A565BD7E-281D-4875-B2F0-68B61A150D64}.Production|x64.ActiveCfg = Production|x64
		{A565BD7E-281D-4875-B2F0-68B61A150D64}.Production|x64.Build.0 = Production|x64
		{A565BD7E-281D-4875-B2F0-68B61A150D64}.Release|Any CPU.ActiveCfg = Release|Any CPU
		{A565BD7E-281D-4875-B2F0-68B61A150D64}.Release|Any CPU.Build.0 = Release|Any CPU
		{A565BD7E-281D-4875-B2F0-68B61A150D64}.Release|x64.ActiveCfg = Release|x64
		{A565BD7E-281D-4875-B2F0-68B61A150D64}.Release|x64.Build.0 = Release|x64
		{D045DE54-F85F-4B9E-B2C5-33B14BA55E73}.Debug|Any CPU.ActiveCfg = Debug|Any CPU
		{D045DE54-F85F-4B9E-B2C5-33B14BA55E73}.Debug|Any CPU.Build.0 = Debug|Any CPU
		{D045DE54-F85F-4B9E-B2C5-33B14BA55E73}.Debug|x64.ActiveCfg = Debug|x64
		{D045DE54-F85F-4B9E-B2C5-33B14BA55E73}.Debug|x64.Build.0 = Debug|x64
		{D045DE54-F85F-4B9E-B2C5-33B14BA55E73}.Production|Any CPU.ActiveCfg = Production|Any CPU
		{D045DE54-F85F-4B9E-B2C5-33B14BA55E73}.Production|Any CPU.Build.0 = Production|Any CPU
		{D045DE54-F85F-4B9E-B2C5-33B14BA55E73}.Production|x64.ActiveCfg = Production|x64
		{D045DE54-F85F-4B9E-B2C5-33B14BA55E73}.Production|x64.Build.0 = Production|x64
		{D045DE54-F85F-4B9E-B2C5-33B14BA55E73}.Release|Any CPU.ActiveCfg = Release|Any CPU
		{D045DE54-F85F-4B9E-B2C5-33B14BA55E73}.Release|Any CPU.Build.0 = Release|Any CPU
		{D045DE54-F85F-4B9E-B2C5-33B14BA55E73}.Release|x64.ActiveCfg = Release|x64
		{D045DE54-F85F-4B9E-B2C5-33B14BA55E73}.Release|x64.Build.0 = Release|x64
	EndGlobalSection
	GlobalSection(SolutionProperties) = preSolution
		HideSolutionNode = FALSE
	EndGlobalSection
	GlobalSection(NestedProjects) = preSolution
		{A565BD7E-281D-4875-B2F0-68B61A150D64} = {AB4A9800-23C4-412F-950E-4DE131F8A03D}
	EndGlobalSection
	GlobalSection(ExtensibilityGlobals) = postSolution
		SolutionGuid = {8BAABD27-2EF5-4833-A128-198E670B309E}
	EndGlobalSection
EndGlobal
