
Microsoft Visual Studio Solution File, Format Version 12.00
# Visual Studio Version 16
VisualStudioVersion = 16.0.29709.97
MinimumVisualStudioVersion = 10.0.40219.1
Project("{9A19103F-16F7-4668-BE54-9A1E7A4F7556}") = "AbakTools.Core.Service", "AbakTools.Core.Service\AbakTools.Core.Service.csproj", "{5FB5DA13-2830-4724-8164-B42930A255BC}"
EndProject
Project("{9A19103F-16F7-4668-BE54-9A1E7A4F7556}") = "AbakTools.Core.Domain", "AbakTools.Core.Domain\AbakTools.Core.Domain.csproj", "{B23F7307-02CF-4A5B-A472-4C909C4A749F}"
EndProject
Project("{9A19103F-16F7-4668-BE54-9A1E7A4F7556}") = "AbakTools.Core.Dto", "AbakTools.Core.Dto\AbakTools.Core.Dto.csproj", "{6FC5273A-332A-4A95-B70F-EDE5736585F4}"
EndProject
Project("{9A19103F-16F7-4668-BE54-9A1E7A4F7556}") = "AbakTools.Core.Framework", "AbakTools.Core.Framework\AbakTools.Core.Framework.csproj", "{4BB40298-E5C2-4908-861B-0D12256BEB9F}"
EndProject
Project("{9A19103F-16F7-4668-BE54-9A1E7A4F7556}") = "AbakTools.Core.Infrastructure", "AbakTools.Core.Infrastructure\AbakTools.Core.Infrastructure.csproj", "{7009F965-C3FA-499C-AC46-832A31104BE5}"
EndProject
Project("{9A19103F-16F7-4668-BE54-9A1E7A4F7556}") = "AbakTools.Core.DataAccess", "AbakTools.Core.DataAccess\AbakTools.Core.DataAccess.csproj", "{C292819C-351E-4BF5-8905-16B8A18FAB9A}"
EndProject
Project("{9A19103F-16F7-4668-BE54-9A1E7A4F7556}") = "AbakTools.Web", "AbakTools.Web\AbakTools.Web.csproj", "{19352D5A-4EBF-44EF-9458-839DDB8862C6}"
EndProject
Project("{9A19103F-16F7-4668-BE54-9A1E7A4F7556}") = "AbakTools.Core.Api", "AbakTools.Core.Api\AbakTools.Core.Api.csproj", "{85361A5E-24D0-41DD-B2EA-8F9B4865AD00}"
EndProject
Project("{9A19103F-16F7-4668-BE54-9A1E7A4F7556}") = "PrestaSharp", "..\..\PrestaShop\PrestaSharp\PrestaSharp\PrestaSharp.csproj", "{31D800FB-E619-4AF2-8ED1-47869EA1EFE3}"
EndProject
Project("{2150E333-8FDC-42A3-9474-1A3956D46DE8}") = "Libs", "Libs", "{AB4A9800-23C4-412F-950E-4DE131F8A03D}"
EndProject
Project("{9A19103F-16F7-4668-BE54-9A1E7A4F7556}") = "EnovaApi", "..\..\EnovaApiService\EnovaApi\EnovaApi.csproj", "{27485FE6-ED6C-4682-8FB6-097C79A72A4E}"
EndProject
Global
	GlobalSection(SolutionConfigurationPlatforms) = preSolution
		Debug|Any CPU = Debug|Any CPU
		Debug|x64 = Debug|x64
		Release|Any CPU = Release|Any CPU
		Release|x64 = Release|x64
	EndGlobalSection
	GlobalSection(ProjectConfigurationPlatforms) = postSolution
		{5FB5DA13-2830-4724-8164-B42930A255BC}.Debug|Any CPU.ActiveCfg = Debug|Any CPU
		{5FB5DA13-2830-4724-8164-B42930A255BC}.Debug|Any CPU.Build.0 = Debug|Any CPU
		{5FB5DA13-2830-4724-8164-B42930A255BC}.Debug|x64.ActiveCfg = Debug|x64
		{5FB5DA13-2830-4724-8164-B42930A255BC}.Debug|x64.Build.0 = Debug|x64
		{5FB5DA13-2830-4724-8164-B42930A255BC}.Release|Any CPU.ActiveCfg = Release|Any CPU
		{5FB5DA13-2830-4724-8164-B42930A255BC}.Release|Any CPU.Build.0 = Release|Any CPU
		{5FB5DA13-2830-4724-8164-B42930A255BC}.Release|x64.ActiveCfg = Release|x64
		{5FB5DA13-2830-4724-8164-B42930A255BC}.Release|x64.Build.0 = Release|x64
		{B23F7307-02CF-4A5B-A472-4C909C4A749F}.Debug|Any CPU.ActiveCfg = Debug|Any CPU
		{B23F7307-02CF-4A5B-A472-4C909C4A749F}.Debug|Any CPU.Build.0 = Debug|Any CPU
		{B23F7307-02CF-4A5B-A472-4C909C4A749F}.Debug|x64.ActiveCfg = Debug|x64
		{B23F7307-02CF-4A5B-A472-4C909C4A749F}.Debug|x64.Build.0 = Debug|x64
		{B23F7307-02CF-4A5B-A472-4C909C4A749F}.Release|Any CPU.ActiveCfg = Release|Any CPU
		{B23F7307-02CF-4A5B-A472-4C909C4A749F}.Release|Any CPU.Build.0 = Release|Any CPU
		{B23F7307-02CF-4A5B-A472-4C909C4A749F}.Release|x64.ActiveCfg = Release|x64
		{B23F7307-02CF-4A5B-A472-4C909C4A749F}.Release|x64.Build.0 = Release|x64
		{6FC5273A-332A-4A95-B70F-EDE5736585F4}.Debug|Any CPU.ActiveCfg = Debug|Any CPU
		{6FC5273A-332A-4A95-B70F-EDE5736585F4}.Debug|Any CPU.Build.0 = Debug|Any CPU
		{6FC5273A-332A-4A95-B70F-EDE5736585F4}.Debug|x64.ActiveCfg = Debug|x64
		{6FC5273A-332A-4A95-B70F-EDE5736585F4}.Debug|x64.Build.0 = Debug|x64
		{6FC5273A-332A-4A95-B70F-EDE5736585F4}.Release|Any CPU.ActiveCfg = Release|Any CPU
		{6FC5273A-332A-4A95-B70F-EDE5736585F4}.Release|Any CPU.Build.0 = Release|Any CPU
		{6FC5273A-332A-4A95-B70F-EDE5736585F4}.Release|x64.ActiveCfg = Release|x64
		{6FC5273A-332A-4A95-B70F-EDE5736585F4}.Release|x64.Build.0 = Release|x64
		{4BB40298-E5C2-4908-861B-0D12256BEB9F}.Debug|Any CPU.ActiveCfg = Debug|Any CPU
		{4BB40298-E5C2-4908-861B-0D12256BEB9F}.Debug|Any CPU.Build.0 = Debug|Any CPU
		{4BB40298-E5C2-4908-861B-0D12256BEB9F}.Debug|x64.ActiveCfg = Debug|x64
		{4BB40298-E5C2-4908-861B-0D12256BEB9F}.Debug|x64.Build.0 = Debug|x64
		{4BB40298-E5C2-4908-861B-0D12256BEB9F}.Release|Any CPU.ActiveCfg = Release|Any CPU
		{4BB40298-E5C2-4908-861B-0D12256BEB9F}.Release|Any CPU.Build.0 = Release|Any CPU
		{4BB40298-E5C2-4908-861B-0D12256BEB9F}.Release|x64.ActiveCfg = Release|x64
		{4BB40298-E5C2-4908-861B-0D12256BEB9F}.Release|x64.Build.0 = Release|x64
		{7009F965-C3FA-499C-AC46-832A31104BE5}.Debug|Any CPU.ActiveCfg = Debug|Any CPU
		{7009F965-C3FA-499C-AC46-832A31104BE5}.Debug|Any CPU.Build.0 = Debug|Any CPU
		{7009F965-C3FA-499C-AC46-832A31104BE5}.Debug|x64.ActiveCfg = Debug|x64
		{7009F965-C3FA-499C-AC46-832A31104BE5}.Debug|x64.Build.0 = Debug|x64
		{7009F965-C3FA-499C-AC46-832A31104BE5}.Release|Any CPU.ActiveCfg = Release|Any CPU
		{7009F965-C3FA-499C-AC46-832A31104BE5}.Release|Any CPU.Build.0 = Release|Any CPU
		{7009F965-C3FA-499C-AC46-832A31104BE5}.Release|x64.ActiveCfg = Release|x64
		{7009F965-C3FA-499C-AC46-832A31104BE5}.Release|x64.Build.0 = Release|x64
		{C292819C-351E-4BF5-8905-16B8A18FAB9A}.Debug|Any CPU.ActiveCfg = Debug|Any CPU
		{C292819C-351E-4BF5-8905-16B8A18FAB9A}.Debug|Any CPU.Build.0 = Debug|Any CPU
		{C292819C-351E-4BF5-8905-16B8A18FAB9A}.Debug|x64.ActiveCfg = Debug|x64
		{C292819C-351E-4BF5-8905-16B8A18FAB9A}.Debug|x64.Build.0 = Debug|x64
		{C292819C-351E-4BF5-8905-16B8A18FAB9A}.Release|Any CPU.ActiveCfg = Release|Any CPU
		{C292819C-351E-4BF5-8905-16B8A18FAB9A}.Release|Any CPU.Build.0 = Release|Any CPU
		{C292819C-351E-4BF5-8905-16B8A18FAB9A}.Release|x64.ActiveCfg = Release|x64
		{C292819C-351E-4BF5-8905-16B8A18FAB9A}.Release|x64.Build.0 = Release|x64
		{19352D5A-4EBF-44EF-9458-839DDB8862C6}.Debug|Any CPU.ActiveCfg = Debug|Any CPU
		{19352D5A-4EBF-44EF-9458-839DDB8862C6}.Debug|Any CPU.Build.0 = Debug|Any CPU
		{19352D5A-4EBF-44EF-9458-839DDB8862C6}.Debug|x64.ActiveCfg = Debug|x64
		{19352D5A-4EBF-44EF-9458-839DDB8862C6}.Debug|x64.Build.0 = Debug|x64
		{19352D5A-4EBF-44EF-9458-839DDB8862C6}.Release|Any CPU.ActiveCfg = Release|Any CPU
		{19352D5A-4EBF-44EF-9458-839DDB8862C6}.Release|Any CPU.Build.0 = Release|Any CPU
		{19352D5A-4EBF-44EF-9458-839DDB8862C6}.Release|x64.ActiveCfg = Release|x64
		{19352D5A-4EBF-44EF-9458-839DDB8862C6}.Release|x64.Build.0 = Release|x64
		{85361A5E-24D0-41DD-B2EA-8F9B4865AD00}.Debug|Any CPU.ActiveCfg = Debug|Any CPU
		{85361A5E-24D0-41DD-B2EA-8F9B4865AD00}.Debug|Any CPU.Build.0 = Debug|Any CPU
		{85361A5E-24D0-41DD-B2EA-8F9B4865AD00}.Debug|x64.ActiveCfg = Debug|x64
		{85361A5E-24D0-41DD-B2EA-8F9B4865AD00}.Debug|x64.Build.0 = Debug|x64
		{85361A5E-24D0-41DD-B2EA-8F9B4865AD00}.Release|Any CPU.ActiveCfg = Release|Any CPU
		{85361A5E-24D0-41DD-B2EA-8F9B4865AD00}.Release|Any CPU.Build.0 = Release|Any CPU
		{85361A5E-24D0-41DD-B2EA-8F9B4865AD00}.Release|x64.ActiveCfg = Release|x64
		{85361A5E-24D0-41DD-B2EA-8F9B4865AD00}.Release|x64.Build.0 = Release|x64
		{31D800FB-E619-4AF2-8ED1-47869EA1EFE3}.Debug|Any CPU.ActiveCfg = Debug|Any CPU
		{31D800FB-E619-4AF2-8ED1-47869EA1EFE3}.Debug|Any CPU.Build.0 = Debug|Any CPU
		{31D800FB-E619-4AF2-8ED1-47869EA1EFE3}.Debug|x64.ActiveCfg = Debug|x64
		{31D800FB-E619-4AF2-8ED1-47869EA1EFE3}.Debug|x64.Build.0 = Debug|x64
		{31D800FB-E619-4AF2-8ED1-47869EA1EFE3}.Release|Any CPU.ActiveCfg = Release|Any CPU
		{31D800FB-E619-4AF2-8ED1-47869EA1EFE3}.Release|Any CPU.Build.0 = Release|Any CPU
		{31D800FB-E619-4AF2-8ED1-47869EA1EFE3}.Release|x64.ActiveCfg = Release|x64
		{31D800FB-E619-4AF2-8ED1-47869EA1EFE3}.Release|x64.Build.0 = Release|x64
		{27485FE6-ED6C-4682-8FB6-097C79A72A4E}.Debug|Any CPU.ActiveCfg = Debug|Any CPU
		{27485FE6-ED6C-4682-8FB6-097C79A72A4E}.Debug|Any CPU.Build.0 = Debug|Any CPU
		{27485FE6-ED6C-4682-8FB6-097C79A72A4E}.Debug|x64.ActiveCfg = Debug|x64
		{27485FE6-ED6C-4682-8FB6-097C79A72A4E}.Debug|x64.Build.0 = Debug|x64
		{27485FE6-ED6C-4682-8FB6-097C79A72A4E}.Release|Any CPU.ActiveCfg = Release|Any CPU
		{27485FE6-ED6C-4682-8FB6-097C79A72A4E}.Release|Any CPU.Build.0 = Release|Any CPU
		{27485FE6-ED6C-4682-8FB6-097C79A72A4E}.Release|x64.ActiveCfg = Release|x64
		{27485FE6-ED6C-4682-8FB6-097C79A72A4E}.Release|x64.Build.0 = Release|x64
	EndGlobalSection
	GlobalSection(SolutionProperties) = preSolution
		HideSolutionNode = FALSE
	EndGlobalSection
	GlobalSection(NestedProjects) = preSolution
		{27485FE6-ED6C-4682-8FB6-097C79A72A4E} = {AB4A9800-23C4-412F-950E-4DE131F8A03D}
	EndGlobalSection
	GlobalSection(ExtensibilityGlobals) = postSolution
		SolutionGuid = {8BAABD27-2EF5-4833-A128-198E670B309E}
	EndGlobalSection
EndGlobal
